
Microsoft Visual Studio Solution File, Format Version 12.00
# Visual Studio Version 17
VisualStudioVersion = 17.5.33516.290
MinimumVisualStudioVersion = 10.0.40219.1
Project("{FAE04EC0-301F-11D3-BF4B-00C04F79EFBC}") = "codeTestCom", "codeTestCom.csproj", "{AE382FFF-A8AD-441C-A66D-89415B47784E}"
EndProject
Project("{FAE04EC0-301F-11D3-BF4B-00C04F79EFBC}") = "codeTestComTDD", "codeTestComTDD\codeTestComTDD.csproj", "{EE091A53-3A1A-485B-AF43-B939442774CA}"
EndProject
Global
	GlobalSection(SolutionConfigurationPlatforms) = preSolution
		Debug|Any CPU = Debug|Any CPU
		Release|Any CPU = Release|Any CPU
	EndGlobalSection
	GlobalSection(ProjectConfigurationPlatforms) = postSolution
		{AE382FFF-A8AD-441C-A66D-89415B47784E}.Debug|Any CPU.ActiveCfg = Debug|Any CPU
		{AE382FFF-A8AD-441C-A66D-89415B47784E}.Debug|Any CPU.Build.0 = Debug|Any CPU
		{AE382FFF-A8AD-441C-A66D-89415B47784E}.Release|Any CPU.ActiveCfg = Release|Any CPU
		{AE382FFF-A8AD-441C-A66D-89415B47784E}.Release|Any CPU.Build.0 = Release|Any CPU
		{EE091A53-3A1A-485B-AF43-B939442774CA}.Debug|Any CPU.ActiveCfg = Debug|Any CPU
		{EE091A53-3A1A-485B-AF43-B939442774CA}.Debug|Any CPU.Build.0 = Debug|Any CPU
		{EE091A53-3A1A-485B-AF43-B939442774CA}.Release|Any CPU.ActiveCfg = Release|Any CPU
		{EE091A53-3A1A-485B-AF43-B939442774CA}.Release|Any CPU.Build.0 = Release|Any CPU
	EndGlobalSection
	GlobalSection(SolutionProperties) = preSolution
		HideSolutionNode = FALSE
	EndGlobalSection
	GlobalSection(ExtensibilityGlobals) = postSolution
		SolutionGuid = {8A5D2368-DFCF-4CFA-99D7-0A2A2E9DEECC}
	EndGlobalSection
EndGlobal
